
Microsoft Visual Studio Solution File, Format Version 12.00
# Visual Studio Version 16
VisualStudioVersion = 16.0.30711.63
MinimumVisualStudioVersion = 10.0.40219.1
Project("{FAE04EC0-301F-11D3-BF4B-00C04F79EFBC}") = "ConsoleApp1", "ConsoleApp1\ConsoleApp1.csproj", "{1BF29D00-A561-43A6-9604-1DBD6EA4CCF0}"
EndProject
Global
	GlobalSection(SolutionConfigurationPlatforms) = preSolution
		Debug|Any CPU = Debug|Any CPU
		Release|Any CPU = Release|Any CPU
	EndGlobalSection
	GlobalSection(ProjectConfigurationPlatforms) = postSolution
		{1BF29D00-A561-43A6-9604-1DBD6EA4CCF0}.Debug|Any CPU.ActiveCfg = Debug|Any CPU
		{1BF29D00-A561-43A6-9604-1DBD6EA4CCF0}.Debug|Any CPU.Build.0 = Debug|Any CPU
		{1BF29D00-A561-43A6-9604-1DBD6EA4CCF0}.Release|Any CPU.ActiveCfg = Release|Any CPU
		{1BF29D00-A561-43A6-9604-1DBD6EA4CCF0}.Release|Any CPU.Build.0 = Release|Any CPU
	EndGlobalSection
	GlobalSection(SolutionProperties) = preSolution
		HideSolutionNode = FALSE
	EndGlobalSection
	GlobalSection(ExtensibilityGlobals) = postSolution
		SolutionGuid = {558FF787-8CDF-4B48-A8F5-69DAE802EC9F}
	EndGlobalSection
EndGlobal
